
Microsoft Visual Studio Solution File, Format Version 12.00
# Visual Studio Version 17
VisualStudioVersion = 17.8.34330.188
MinimumVisualStudioVersion = 10.0.40219.1
Project("{FAE04EC0-301F-11D3-BF4B-00C04F79EFBC}") = "HuynhTanLoc-K2023_THIGK", "HuynhTanLoc-K2023_THIGK.csproj", "{F7DD3A54-59A5-474B-ABCB-B39CE44BFF76}"
EndProject
Global
	GlobalSection(SolutionConfigurationPlatforms) = preSolution
		Debug|Any CPU = Debug|Any CPU
		Release|Any CPU = Release|Any CPU
	EndGlobalSection
	GlobalSection(ProjectConfigurationPlatforms) = postSolution
		{F7DD3A54-59A5-474B-ABCB-B39CE44BFF76}.Debug|Any CPU.ActiveCfg = Debug|Any CPU
		{F7DD3A54-59A5-474B-ABCB-B39CE44BFF76}.Debug|Any CPU.Build.0 = Debug|Any CPU
		{F7DD3A54-59A5-474B-ABCB-B39CE44BFF76}.Release|Any CPU.ActiveCfg = Release|Any CPU
		{F7DD3A54-59A5-474B-ABCB-B39CE44BFF76}.Release|Any CPU.Build.0 = Release|Any CPU
	EndGlobalSection
	GlobalSection(SolutionProperties) = preSolution
		HideSolutionNode = FALSE
	EndGlobalSection
	GlobalSection(ExtensibilityGlobals) = postSolution
		SolutionGuid = {90C6ACBC-95D1-42A2-8F64-4B2747B165C7}
	EndGlobalSection
EndGlobal
